
Microsoft Visual Studio Solution File, Format Version 12.00
# Visual Studio Version 16
VisualStudioVersion = 16.0.29709.97
MinimumVisualStudioVersion = 10.0.40219.1
Project("{FAE04EC0-301F-11D3-BF4B-00C04F79EFBC}") = "ConcatVideoAudio", "ConcatVideoAudio\ConcatVideoAudio.csproj", "{17A77783-9C24-4C27-8FFE-545852C89F8B}"
EndProject
Global
	GlobalSection(SolutionConfigurationPlatforms) = preSolution
		Debug|Any CPU = Debug|Any CPU
		Release|Any CPU = Release|Any CPU
	EndGlobalSection
	GlobalSection(ProjectConfigurationPlatforms) = postSolution
		{17A77783-9C24-4C27-8FFE-545852C89F8B}.Debug|Any CPU.ActiveCfg = Debug|Any CPU
		{17A77783-9C24-4C27-8FFE-545852C89F8B}.Debug|Any CPU.Build.0 = Debug|Any CPU
		{17A77783-9C24-4C27-8FFE-545852C89F8B}.Release|Any CPU.ActiveCfg = Release|Any CPU
		{17A77783-9C24-4C27-8FFE-545852C89F8B}.Release|Any CPU.Build.0 = Release|Any CPU
	EndGlobalSection
	GlobalSection(SolutionProperties) = preSolution
		HideSolutionNode = FALSE
	EndGlobalSection
	GlobalSection(ExtensibilityGlobals) = postSolution
		SolutionGuid = {5C3BF079-CFFE-47DB-B32C-8E49F0D5FE56}
	EndGlobalSection
EndGlobal
